
Microsoft Visual Studio Solution File, Format Version 12.00
# Visual Studio Version 16
VisualStudioVersion = 16.0.29709.97
MinimumVisualStudioVersion = 10.0.40219.1
Project("{FAE04EC0-301F-11D3-BF4B-00C04F79EFBC}") = "StoredProcWebForm", "StoredProcWebForm.csproj", "{7B78D3ED-0C4F-483F-89EB-59429A8C853E}"
EndProject
Global
	GlobalSection(SolutionConfigurationPlatforms) = preSolution
		Debug|Any CPU = Debug|Any CPU
		Release|Any CPU = Release|Any CPU
	EndGlobalSection
	GlobalSection(ProjectConfigurationPlatforms) = postSolution
		{7B78D3ED-0C4F-483F-89EB-59429A8C853E}.Debug|Any CPU.ActiveCfg = Debug|Any CPU
		{7B78D3ED-0C4F-483F-89EB-59429A8C853E}.Debug|Any CPU.Build.0 = Debug|Any CPU
		{7B78D3ED-0C4F-483F-89EB-59429A8C853E}.Release|Any CPU.ActiveCfg = Release|Any CPU
		{7B78D3ED-0C4F-483F-89EB-59429A8C853E}.Release|Any CPU.Build.0 = Release|Any CPU
	EndGlobalSection
	GlobalSection(SolutionProperties) = preSolution
		HideSolutionNode = FALSE
	EndGlobalSection
	GlobalSection(ExtensibilityGlobals) = postSolution
		SolutionGuid = {7A230D2E-71A4-4C49-81AA-D783C33B7A41}
	EndGlobalSection
EndGlobal
